// !$*UTF8*$!
{
	archiveVersion = 1;
	classes = {
	};
	objectVersion = 56;
	objects = {

/* Begin PBXBuildFile section */
		3647484D2B9D273900E0C55F /* Location.swift in Sources */ = {isa = PBXBuildFile; fileRef = 3647484C2B9D273900E0C55F /* Location.swift */; };
		3647484F2B9D408600E0C55F /* LocationTests.swift in Sources */ = {isa = PBXBuildFile; fileRef = 3647484E2B9D408600E0C55F /* LocationTests.swift */; };
		369A0DFE2B9EABCE0049E19B /* ToDoItemStoreTests.swift in Sources */ = {isa = PBXBuildFile; fileRef = 369A0DFD2B9EABCE0049E19B /* ToDoItemStoreTests.swift */; };
		369A0E002B9EAC170049E19B /* ToDoItemStore.swift in Sources */ = {isa = PBXBuildFile; fileRef = 369A0DFF2B9EAC170049E19B /* ToDoItemStore.swift */; };
		36C0CF642B980CCA002D5C6F /* AppDelegate.swift in Sources */ = {isa = PBXBuildFile; fileRef = 36C0CF632B980CCA002D5C6F /* AppDelegate.swift */; };
		36C0CF662B980CCA002D5C6F /* SceneDelegate.swift in Sources */ = {isa = PBXBuildFile; fileRef = 36C0CF652B980CCA002D5C6F /* SceneDelegate.swift */; };
		36C0CF682B980CCA002D5C6F /* ViewController.swift in Sources */ = {isa = PBXBuildFile; fileRef = 36C0CF672B980CCA002D5C6F /* ViewController.swift */; };
		36C0CF6B2B980CCA002D5C6F /* Main.storyboard in Resources */ = {isa = PBXBuildFile; fileRef = 36C0CF692B980CCA002D5C6F /* Main.storyboard */; };
		36C0CF6D2B980CCB002D5C6F /* Assets.xcassets in Resources */ = {isa = PBXBuildFile; fileRef = 36C0CF6C2B980CCB002D5C6F /* Assets.xcassets */; };
		36C0CF702B980CCB002D5C6F /* LaunchScreen.storyboard in Resources */ = {isa = PBXBuildFile; fileRef = 36C0CF6E2B980CCB002D5C6F /* LaunchScreen.storyboard */; };
		36C0CF852B980CCC002D5C6F /* ToDoUITests.swift in Sources */ = {isa = PBXBuildFile; fileRef = 36C0CF842B980CCC002D5C6F /* ToDoUITests.swift */; };
		36C0CF872B980CCC002D5C6F /* ToDoUITestsLaunchTests.swift in Sources */ = {isa = PBXBuildFile; fileRef = 36C0CF862B980CCC002D5C6F /* ToDoUITestsLaunchTests.swift */; };
		36C0CF942B980E67002D5C6F /* ToDoItemTests.swift in Sources */ = {isa = PBXBuildFile; fileRef = 36C0CF932B980E67002D5C6F /* ToDoItemTests.swift */; };
		36C0CF962B981012002D5C6F /* ToDoItem.swift in Sources */ = {isa = PBXBuildFile; fileRef = 36C0CF952B981012002D5C6F /* ToDoItem.swift */; };
/* End PBXBuildFile section */

/* Begin PBXContainerItemProxy section */
		36C0CF772B980CCC002D5C6F /* PBXContainerItemProxy */ = {
			isa = PBXContainerItemProxy;
			containerPortal = 36C0CF582B980CCA002D5C6F /* Project object */;
			proxyType = 1;
			remoteGlobalIDString = 36C0CF5F2B980CCA002D5C6F;
			remoteInfo = ToDo;
		};
		36C0CF812B980CCC002D5C6F /* PBXContainerItemProxy */ = {
			isa = PBXContainerItemProxy;
			containerPortal = 36C0CF582B980CCA002D5C6F /* Project object */;
			proxyType = 1;
			remoteGlobalIDString = 36C0CF5F2B980CCA002D5C6F;
			remoteInfo = ToDo;
		};
/* End PBXContainerItemProxy section */

/* Begin PBXFileReference section */
		3647484C2B9D273900E0C55F /* Location.swift */ = {isa = PBXFileReference; lastKnownFileType = sourcecode.swift; path = Location.swift; sourceTree = "<group>"; };
		3647484E2B9D408600E0C55F /* LocationTests.swift */ = {isa = PBXFileReference; fileEncoding = 4; lastKnownFileType = sourcecode.swift; path = LocationTests.swift; sourceTree = "<group>"; };
		369A0DFD2B9EABCE0049E19B /* ToDoItemStoreTests.swift */ = {isa = PBXFileReference; fileEncoding = 4; lastKnownFileType = sourcecode.swift; path = ToDoItemStoreTests.swift; sourceTree = "<group>"; };
		369A0DFF2B9EAC170049E19B /* ToDoItemStore.swift */ = {isa = PBXFileReference; fileEncoding = 4; lastKnownFileType = sourcecode.swift; path = ToDoItemStore.swift; sourceTree = "<group>"; };
		36C0CF602B980CCA002D5C6F /* ToDo.app */ = {isa = PBXFileReference; explicitFileType = wrapper.application; includeInIndex = 0; path = ToDo.app; sourceTree = BUILT_PRODUCTS_DIR; };
		36C0CF632B980CCA002D5C6F /* AppDelegate.swift */ = {isa = PBXFileReference; lastKnownFileType = sourcecode.swift; path = AppDelegate.swift; sourceTree = "<group>"; };
		36C0CF652B980CCA002D5C6F /* SceneDelegate.swift */ = {isa = PBXFileReference; lastKnownFileType = sourcecode.swift; path = SceneDelegate.swift; sourceTree = "<group>"; };
		36C0CF672B980CCA002D5C6F /* ViewController.swift */ = {isa = PBXFileReference; lastKnownFileType = sourcecode.swift; path = ViewController.swift; sourceTree = "<group>"; };
		36C0CF6A2B980CCA002D5C6F /* Base */ = {isa = PBXFileReference; lastKnownFileType = file.storyboard; name = Base; path = Base.lproj/Main.storyboard; sourceTree = "<group>"; };
		36C0CF6C2B980CCB002D5C6F /* Assets.xcassets */ = {isa = PBXFileReference; lastKnownFileType = folder.assetcatalog; path = Assets.xcassets; sourceTree = "<group>"; };
		36C0CF6F2B980CCB002D5C6F /* Base */ = {isa = PBXFileReference; lastKnownFileType = file.storyboard; name = Base; path = Base.lproj/LaunchScreen.storyboard; sourceTree = "<group>"; };
		36C0CF712B980CCB002D5C6F /* Info.plist */ = {isa = PBXFileReference; lastKnownFileType = text.plist.xml; path = Info.plist; sourceTree = "<group>"; };
		36C0CF762B980CCC002D5C6F /* ToDoTests.xctest */ = {isa = PBXFileReference; explicitFileType = wrapper.cfbundle; includeInIndex = 0; path = ToDoTests.xctest; sourceTree = BUILT_PRODUCTS_DIR; };
		36C0CF802B980CCC002D5C6F /* ToDoUITests.xctest */ = {isa = PBXFileReference; explicitFileType = wrapper.cfbundle; includeInIndex = 0; path = ToDoUITests.xctest; sourceTree = BUILT_PRODUCTS_DIR; };
		36C0CF842B980CCC002D5C6F /* ToDoUITests.swift */ = {isa = PBXFileReference; lastKnownFileType = sourcecode.swift; path = ToDoUITests.swift; sourceTree = "<group>"; };
		36C0CF862B980CCC002D5C6F /* ToDoUITestsLaunchTests.swift */ = {isa = PBXFileReference; lastKnownFileType = sourcecode.swift; path = ToDoUITestsLaunchTests.swift; sourceTree = "<group>"; };
		36C0CF932B980E67002D5C6F /* ToDoItemTests.swift */ = {isa = PBXFileReference; lastKnownFileType = sourcecode.swift; path = ToDoItemTests.swift; sourceTree = "<group>"; };
		36C0CF952B981012002D5C6F /* ToDoItem.swift */ = {isa = PBXFileReference; lastKnownFileType = sourcecode.swift; path = ToDoItem.swift; sourceTree = "<group>"; };
		36C0CF972B98116C002D5C6F /* README.md */ = {isa = PBXFileReference; lastKnownFileType = net.daringfireball.markdown; path = README.md; sourceTree = "<group>"; };
/* End PBXFileReference section */

/* Begin PBXFrameworksBuildPhase section */
		36C0CF5D2B980CCA002D5C6F /* Frameworks */ = {
			isa = PBXFrameworksBuildPhase;
			buildActionMask = 2147483647;
			files = (
			);
			runOnlyForDeploymentPostprocessing = 0;
		};
		36C0CF732B980CCC002D5C6F /* Frameworks */ = {
			isa = PBXFrameworksBuildPhase;
			buildActionMask = 2147483647;
			files = (
			);
			runOnlyForDeploymentPostprocessing = 0;
		};
		36C0CF7D2B980CCC002D5C6F /* Frameworks */ = {
			isa = PBXFrameworksBuildPhase;
			buildActionMask = 2147483647;
			files = (
			);
			runOnlyForDeploymentPostprocessing = 0;
		};
/* End PBXFrameworksBuildPhase section */

/* Begin PBXGroup section */
		36C0CF572B980CCA002D5C6F = {
			isa = PBXGroup;
			children = (
				36C0CF972B98116C002D5C6F /* README.md */,
				36C0CF622B980CCA002D5C6F /* ToDo */,
				36C0CF792B980CCC002D5C6F /* ToDoTests */,
				36C0CF832B980CCC002D5C6F /* ToDoUITests */,
				36C0CF612B980CCA002D5C6F /* Products */,
			);
			sourceTree = "<group>";
		};
		36C0CF612B980CCA002D5C6F /* Products */ = {
			isa = PBXGroup;
			children = (
				36C0CF602B980CCA002D5C6F /* ToDo.app */,
				36C0CF762B980CCC002D5C6F /* ToDoTests.xctest */,
				36C0CF802B980CCC002D5C6F /* ToDoUITests.xctest */,
			);
			name = Products;
			sourceTree = "<group>";
		};
		36C0CF622B980CCA002D5C6F /* ToDo */ = {
			isa = PBXGroup;
			children = (
				369A0DFF2B9EAC170049E19B /* ToDoItemStore.swift */,
				36C0CF632B980CCA002D5C6F /* AppDelegate.swift */,
				36C0CF652B980CCA002D5C6F /* SceneDelegate.swift */,
				36C0CF672B980CCA002D5C6F /* ViewController.swift */,
				36C0CF692B980CCA002D5C6F /* Main.storyboard */,
				36C0CF6C2B980CCB002D5C6F /* Assets.xcassets */,
				36C0CF6E2B980CCB002D5C6F /* LaunchScreen.storyboard */,
				36C0CF712B980CCB002D5C6F /* Info.plist */,
				36C0CF952B981012002D5C6F /* ToDoItem.swift */,
				3647484C2B9D273900E0C55F /* Location.swift */,
			);
			path = ToDo;
			sourceTree = "<group>";
		};
		36C0CF792B980CCC002D5C6F /* ToDoTests */ = {
			isa = PBXGroup;
			children = (
				369A0DFD2B9EABCE0049E19B /* ToDoItemStoreTests.swift */,
				3647484E2B9D408600E0C55F /* LocationTests.swift */,
				36C0CF932B980E67002D5C6F /* ToDoItemTests.swift */,
			);
			path = ToDoTests;
			sourceTree = "<group>";
		};
		36C0CF832B980CCC002D5C6F /* ToDoUITests */ = {
			isa = PBXGroup;
			children = (
				36C0CF842B980CCC002D5C6F /* ToDoUITests.swift */,
				36C0CF862B980CCC002D5C6F /* ToDoUITestsLaunchTests.swift */,
			);
			path = ToDoUITests;
			sourceTree = "<group>";
		};
/* End PBXGroup section */

/* Begin PBXNativeTarget section */
		36C0CF5F2B980CCA002D5C6F /* ToDo */ = {
			isa = PBXNativeTarget;
			buildConfigurationList = 36C0CF8A2B980CCC002D5C6F /* Build configuration list for PBXNativeTarget "ToDo" */;
			buildPhases = (
				36C0CF5C2B980CCA002D5C6F /* Sources */,
				36C0CF5D2B980CCA002D5C6F /* Frameworks */,
				36C0CF5E2B980CCA002D5C6F /* Resources */,
			);
			buildRules = (
			);
			dependencies = (
			);
			name = ToDo;
			productName = ToDo;
			productReference = 36C0CF602B980CCA002D5C6F /* ToDo.app */;
			productType = "com.apple.product-type.application";
		};
		36C0CF752B980CCC002D5C6F /* ToDoTests */ = {
			isa = PBXNativeTarget;
			buildConfigurationList = 36C0CF8D2B980CCC002D5C6F /* Build configuration list for PBXNativeTarget "ToDoTests" */;
			buildPhases = (
				36C0CF722B980CCC002D5C6F /* Sources */,
				36C0CF732B980CCC002D5C6F /* Frameworks */,
				36C0CF742B980CCC002D5C6F /* Resources */,
			);
			buildRules = (
			);
			dependencies = (
				36C0CF782B980CCC002D5C6F /* PBXTargetDependency */,
			);
			name = ToDoTests;
			productName = ToDoTests;
			productReference = 36C0CF762B980CCC002D5C6F /* ToDoTests.xctest */;
			productType = "com.apple.product-type.bundle.unit-test";
		};
		36C0CF7F2B980CCC002D5C6F /* ToDoUITests */ = {
			isa = PBXNativeTarget;
			buildConfigurationList = 36C0CF902B980CCC002D5C6F /* Build configuration list for PBXNativeTarget "ToDoUITests" */;
			buildPhases = (
				36C0CF7C2B980CCC002D5C6F /* Sources */,
				36C0CF7D2B980CCC002D5C6F /* Frameworks */,
				36C0CF7E2B980CCC002D5C6F /* Resources */,
			);
			buildRules = (
			);
			dependencies = (
				36C0CF822B980CCC002D5C6F /* PBXTargetDependency */,
			);
			name = ToDoUITests;
			productName = ToDoUITests;
			productReference = 36C0CF802B980CCC002D5C6F /* ToDoUITests.xctest */;
			productType = "com.apple.product-type.bundle.ui-testing";
		};
/* End PBXNativeTarget section */

/* Begin PBXProject section */
		36C0CF582B980CCA002D5C6F /* Project object */ = {
			isa = PBXProject;
			attributes = {
				BuildIndependentTargetsInParallel = 1;
				LastSwiftUpdateCheck = 1520;
				LastUpgradeCheck = 1520;
				TargetAttributes = {
					36C0CF5F2B980CCA002D5C6F = {
						CreatedOnToolsVersion = 15.2;
					};
					36C0CF752B980CCC002D5C6F = {
						CreatedOnToolsVersion = 15.2;
						TestTargetID = 36C0CF5F2B980CCA002D5C6F;
					};
					36C0CF7F2B980CCC002D5C6F = {
						CreatedOnToolsVersion = 15.2;
						TestTargetID = 36C0CF5F2B980CCA002D5C6F;
					};
				};
			};
			buildConfigurationList = 36C0CF5B2B980CCA002D5C6F /* Build configuration list for PBXProject "ToDo" */;
			compatibilityVersion = "Xcode 14.0";
			developmentRegion = en;
			hasScannedForEncodings = 0;
			knownRegions = (
				en,
				Base,
			);
			mainGroup = 36C0CF572B980CCA002D5C6F;
			productRefGroup = 36C0CF612B980CCA002D5C6F /* Products */;
			projectDirPath = "";
			projectRoot = "";
			targets = (
				36C0CF5F2B980CCA002D5C6F /* ToDo */,
				36C0CF752B980CCC002D5C6F /* ToDoTests */,
				36C0CF7F2B980CCC002D5C6F /* ToDoUITests */,
			);
		};
/* End PBXProject section */

/* Begin PBXResourcesBuildPhase section */
		36C0CF5E2B980CCA002D5C6F /* Resources */ = {
			isa = PBXResourcesBuildPhase;
			buildActionMask = 2147483647;
			files = (
				36C0CF702B980CCB002D5C6F /* LaunchScreen.storyboard in Resources */,
				36C0CF6D2B980CCB002D5C6F /* Assets.xcassets in Resources */,
				36C0CF6B2B980CCA002D5C6F /* Main.storyboard in Resources */,
			);
			runOnlyForDeploymentPostprocessing = 0;
		};
		36C0CF742B980CCC002D5C6F /* Resources */ = {
			isa = PBXResourcesBuildPhase;
			buildActionMask = 2147483647;
			files = (
			);
			runOnlyForDeploymentPostprocessing = 0;
		};
		36C0CF7E2B980CCC002D5C6F /* Resources */ = {
			isa = PBXResourcesBuildPhase;
			buildActionMask = 2147483647;
			files = (
			);
			runOnlyForDeploymentPostprocessing = 0;
		};
/* End PBXResourcesBuildPhase section */

/* Begin PBXSourcesBuildPhase section */
		36C0CF5C2B980CCA002D5C6F /* Sources */ = {
			isa = PBXSourcesBuildPhase;
			buildActionMask = 2147483647;
			files = (
				36C0CF682B980CCA002D5C6F /* ViewController.swift in Sources */,
				36C0CF642B980CCA002D5C6F /* AppDelegate.swift in Sources */,
				3647484D2B9D273900E0C55F /* Location.swift in Sources */,
				36C0CF962B981012002D5C6F /* ToDoItem.swift in Sources */,
				369A0E002B9EAC170049E19B /* ToDoItemStore.swift in Sources */,
				36C0CF662B980CCA002D5C6F /* SceneDelegate.swift in Sources */,
			);
			runOnlyForDeploymentPostprocessing = 0;
		};
		36C0CF722B980CCC002D5C6F /* Sources */ = {
			isa = PBXSourcesBuildPhase;
			buildActionMask = 2147483647;
			files = (
				369A0DFE2B9EABCE0049E19B /* ToDoItemStoreTests.swift in Sources */,
				3647484F2B9D408600E0C55F /* LocationTests.swift in Sources */,
				36C0CF942B980E67002D5C6F /* ToDoItemTests.swift in Sources */,
			);
			runOnlyForDeploymentPostprocessing = 0;
		};
		36C0CF7C2B980CCC002D5C6F /* Sources */ = {
			isa = PBXSourcesBuildPhase;
			buildActionMask = 2147483647;
			files = (
				36C0CF872B980CCC002D5C6F /* ToDoUITestsLaunchTests.swift in Sources */,
				36C0CF852B980CCC002D5C6F /* ToDoUITests.swift in Sources */,
			);
			runOnlyForDeploymentPostprocessing = 0;
		};
/* End PBXSourcesBuildPhase section */

/* Begin PBXTargetDependency section */
		36C0CF782B980CCC002D5C6F /* PBXTargetDependency */ = {
			isa = PBXTargetDependency;
			target = 36C0CF5F2B980CCA002D5C6F /* ToDo */;
			targetProxy = 36C0CF772B980CCC002D5C6F /* PBXContainerItemProxy */;
		};
		36C0CF822B980CCC002D5C6F /* PBXTargetDependency */ = {
			isa = PBXTargetDependency;
			target = 36C0CF5F2B980CCA002D5C6F /* ToDo */;
			targetProxy = 36C0CF812B980CCC002D5C6F /* PBXContainerItemProxy */;
		};
/* End PBXTargetDependency section */

/* Begin PBXVariantGroup section */
		36C0CF692B980CCA002D5C6F /* Main.storyboard */ = {
			isa = PBXVariantGroup;
			children = (
				36C0CF6A2B980CCA002D5C6F /* Base */,
			);
			name = Main.storyboard;
			sourceTree = "<group>";
		};
		36C0CF6E2B980CCB002D5C6F /* LaunchScreen.storyboard */ = {
			isa = PBXVariantGroup;
			children = (
				36C0CF6F2B980CCB002D5C6F /* Base */,
			);
			name = LaunchScreen.storyboard;
			sourceTree = "<group>";
		};
/* End PBXVariantGroup section */

/* Begin XCBuildConfiguration section */
		36C0CF882B980CCC002D5C6F /* Debug */ = {
			isa = XCBuildConfiguration;
			buildSettings = {
				ALWAYS_SEARCH_USER_PATHS = NO;
				ASSETCATALOG_COMPILER_GENERATE_SWIFT_ASSET_SYMBOL_EXTENSIONS = YES;
				CLANG_ANALYZER_NONNULL = YES;
				CLANG_ANALYZER_NUMBER_OBJECT_CONVERSION = YES_AGGRESSIVE;
				CLANG_CXX_LANGUAGE_STANDARD = "gnu++20";
				CLANG_ENABLE_MODULES = YES;
				CLANG_ENABLE_OBJC_ARC = YES;
				CLANG_ENABLE_OBJC_WEAK = YES;
				CLANG_WARN_BLOCK_CAPTURE_AUTORELEASING = YES;
				CLANG_WARN_BOOL_CONVERSION = YES;
				CLANG_WARN_COMMA = YES;
				CLANG_WARN_CONSTANT_CONVERSION = YES;
				CLANG_WARN_DEPRECATED_OBJC_IMPLEMENTATIONS = YES;
				CLANG_WARN_DIRECT_OBJC_ISA_USAGE = YES_ERROR;
				CLANG_WARN_DOCUMENTATION_COMMENTS = YES;
				CLANG_WARN_EMPTY_BODY = YES;
				CLANG_WARN_ENUM_CONVERSION = YES;
				CLANG_WARN_INFINITE_RECURSION = YES;
				CLANG_WARN_INT_CONVERSION = YES;
				CLANG_WARN_NON_LITERAL_NULL_CONVERSION = YES;
				CLANG_WARN_OBJC_IMPLICIT_RETAIN_SELF = YES;
				CLANG_WARN_OBJC_LITERAL_CONVERSION = YES;
				CLANG_WARN_OBJC_ROOT_CLASS = YES_ERROR;
				CLANG_WARN_QUOTED_INCLUDE_IN_FRAMEWORK_HEADER = YES;
				CLANG_WARN_RANGE_LOOP_ANALYSIS = YES;
				CLANG_WARN_STRICT_PROTOTYPES = YES;
				CLANG_WARN_SUSPICIOUS_MOVE = YES;
				CLANG_WARN_UNGUARDED_AVAILABILITY = YES_AGGRESSIVE;
				CLANG_WARN_UNREACHABLE_CODE = YES;
				CLANG_WARN__DUPLICATE_METHOD_MATCH = YES;
				COPY_PHASE_STRIP = NO;
				DEBUG_INFORMATION_FORMAT = dwarf;
				ENABLE_STRICT_OBJC_MSGSEND = YES;
				ENABLE_TESTABILITY = YES;
				ENABLE_USER_SCRIPT_SANDBOXING = YES;
				GCC_C_LANGUAGE_STANDARD = gnu17;
				GCC_DYNAMIC_NO_PIC = NO;
				GCC_NO_COMMON_BLOCKS = YES;
				GCC_OPTIMIZATION_LEVEL = 0;
				GCC_PREPROCESSOR_DEFINITIONS = (
					"DEBUG=1",
					"$(inherited)",
				);
				GCC_WARN_64_TO_32_BIT_CONVERSION = YES;
				GCC_WARN_ABOUT_RETURN_TYPE = YES_ERROR;
				GCC_WARN_UNDECLARED_SELECTOR = YES;
				GCC_WARN_UNINITIALIZED_AUTOS = YES_AGGRESSIVE;
				GCC_WARN_UNUSED_FUNCTION = YES;
				GCC_WARN_UNUSED_VARIABLE = YES;
				IPHONEOS_DEPLOYMENT_TARGET = 17.2;
				LOCALIZATION_PREFERS_STRING_CATALOGS = YES;
				MTL_ENABLE_DEBUG_INFO = INCLUDE_SOURCE;
				MTL_FAST_MATH = YES;
				ONLY_ACTIVE_ARCH = YES;
				SDKROOT = iphoneos;
				SWIFT_ACTIVE_COMPILATION_CONDITIONS = "DEBUG $(inherited)";
				SWIFT_OPTIMIZATION_LEVEL = "-Onone";
			};
			name = Debug;
		};
		36C0CF892B980CCC002D5C6F /* Release */ = {
			isa = XCBuildConfiguration;
			buildSettings = {
				ALWAYS_SEARCH_USER_PATHS = NO;
				ASSETCATALOG_COMPILER_GENERATE_SWIFT_ASSET_SYMBOL_EXTENSIONS = YES;
				CLANG_ANALYZER_NONNULL = YES;
				CLANG_ANALYZER_NUMBER_OBJECT_CONVERSION = YES_AGGRESSIVE;
				CLANG_CXX_LANGUAGE_STANDARD = "gnu++20";
				CLANG_ENABLE_MODULES = YES;
				CLANG_ENABLE_OBJC_ARC = YES;
				CLANG_ENABLE_OBJC_WEAK = YES;
				CLANG_WARN_BLOCK_CAPTURE_AUTORELEASING = YES;
				CLANG_WARN_BOOL_CONVERSION = YES;
				CLANG_WARN_COMMA = YES;
				CLANG_WARN_CONSTANT_CONVERSION = YES;
				CLANG_WARN_DEPRECATED_OBJC_IMPLEMENTATIONS = YES;
				CLANG_WARN_DIRECT_OBJC_ISA_USAGE = YES_ERROR;
				CLANG_WARN_DOCUMENTATION_COMMENTS = YES;
				CLANG_WARN_EMPTY_BODY = YES;
				CLANG_WARN_ENUM_CONVERSION = YES;
				CLANG_WARN_INFINITE_RECURSION = YES;
				CLANG_WARN_INT_CONVERSION = YES;
				CLANG_WARN_NON_LITERAL_NULL_CONVERSION = YES;
				CLANG_WARN_OBJC_IMPLICIT_RETAIN_SELF = YES;
				CLANG_WARN_OBJC_LITERAL_CONVERSION = YES;
				CLANG_WARN_OBJC_ROOT_CLASS = YES_ERROR;
				CLANG_WARN_QUOTED_INCLUDE_IN_FRAMEWORK_HEADER = YES;
				CLANG_WARN_RANGE_LOOP_ANALYSIS = YES;
				CLANG_WARN_STRICT_PROTOTYPES = YES;
				CLANG_WARN_SUSPICIOUS_MOVE = YES;
				CLANG_WARN_UNGUARDED_AVAILABILITY = YES_AGGRESSIVE;
				CLANG_WARN_UNREACHABLE_CODE = YES;
				CLANG_WARN__DUPLICATE_METHOD_MATCH = YES;
				COPY_PHASE_STRIP = NO;
				DEBUG_INFORMATION_FORMAT = "dwarf-with-dsym";
				ENABLE_NS_ASSERTIONS = NO;
				ENABLE_STRICT_OBJC_MSGSEND = YES;
				ENABLE_USER_SCRIPT_SANDBOXING = YES;
				GCC_C_LANGUAGE_STANDARD = gnu17;
				GCC_NO_COMMON_BLOCKS = YES;
				GCC_WARN_64_TO_32_BIT_CONVERSION = YES;
				GCC_WARN_ABOUT_RETURN_TYPE = YES_ERROR;
				GCC_WARN_UNDECLARED_SELECTOR = YES;
				GCC_WARN_UNINITIALIZED_AUTOS = YES_AGGRESSIVE;
				GCC_WARN_UNUSED_FUNCTION = YES;
				GCC_WARN_UNUSED_VARIABLE = YES;
				IPHONEOS_DEPLOYMENT_TARGET = 17.2;
				LOCALIZATION_PREFERS_STRING_CATALOGS = YES;
				MTL_ENABLE_DEBUG_INFO = NO;
				MTL_FAST_MATH = YES;
				SDKROOT = iphoneos;
				SWIFT_COMPILATION_MODE = wholemodule;
				VALIDATE_PRODUCT = YES;
			};
			name = Release;
		};
		36C0CF8B2B980CCC002D5C6F /* Debug */ = {
			isa = XCBuildConfiguration;
			buildSettings = {
				ASSETCATALOG_COMPILER_APPICON_NAME = AppIcon;
				ASSETCATALOG_COMPILER_GLOBAL_ACCENT_COLOR_NAME = AccentColor;
				CODE_SIGN_STYLE = Automatic;
				CURRENT_PROJECT_VERSION = 1;
				GENERATE_INFOPLIST_FILE = YES;
				INFOPLIST_FILE = ToDo/Info.plist;
				INFOPLIST_KEY_UIApplicationSupportsIndirectInputEvents = YES;
				INFOPLIST_KEY_UILaunchStoryboardName = LaunchScreen;
				INFOPLIST_KEY_UIMainStoryboardFile = Main;
				INFOPLIST_KEY_UISupportedInterfaceOrientations_iPad = "UIInterfaceOrientationPortrait UIInterfaceOrientationPortraitUpsideDown UIInterfaceOrientationLandscapeLeft UIInterfaceOrientationLandscapeRight";
				INFOPLIST_KEY_UISupportedInterfaceOrientations_iPhone = "UIInterfaceOrientationPortrait UIInterfaceOrientationLandscapeLeft UIInterfaceOrientationLandscapeRight";
				LD_RUNPATH_SEARCH_PATHS = (
					"$(inherited)",
					"@executable_path/Frameworks",
				);
				MARKETING_VERSION = 1.0;
				PRODUCT_BUNDLE_IDENTIFIER = creacominc.ToDo;
				PRODUCT_NAME = "$(TARGET_NAME)";
				SWIFT_EMIT_LOC_STRINGS = YES;
				SWIFT_VERSION = 5.0;
				TARGETED_DEVICE_FAMILY = "1,2";
			};
			name = Debug;
		};
		36C0CF8C2B980CCC002D5C6F /* Release */ = {
			isa = XCBuildConfiguration;
			buildSettings = {
				ASSETCATALOG_COMPILER_APPICON_NAME = AppIcon;
				ASSETCATALOG_COMPILER_GLOBAL_ACCENT_COLOR_NAME = AccentColor;
				CODE_SIGN_STYLE = Automatic;
				CURRENT_PROJECT_VERSION = 1;
				GENERATE_INFOPLIST_FILE = YES;
				INFOPLIST_FILE = ToDo/Info.plist;
				INFOPLIST_KEY_UIApplicationSupportsIndirectInputEvents = YES;
				INFOPLIST_KEY_UILaunchStoryboardName = LaunchScreen;
				INFOPLIST_KEY_UIMainStoryboardFile = Main;
				INFOPLIST_KEY_UISupportedInterfaceOrientations_iPad = "UIInterfaceOrientationPortrait UIInterfaceOrientationPortraitUpsideDown UIInterfaceOrientationLandscapeLeft UIInterfaceOrientationLandscapeRight";
				INFOPLIST_KEY_UISupportedInterfaceOrientations_iPhone = "UIInterfaceOrientationPortrait UIInterfaceOrientationLandscapeLeft UIInterfaceOrientationLandscapeRight";
				LD_RUNPATH_SEARCH_PATHS = (
					"$(inherited)",
					"@executable_path/Frameworks",
				);
				MARKETING_VERSION = 1.0;
				PRODUCT_BUNDLE_IDENTIFIER = creacominc.ToDo;
				PRODUCT_NAME = "$(TARGET_NAME)";
				SWIFT_EMIT_LOC_STRINGS = YES;
				SWIFT_VERSION = 5.0;
				TARGETED_DEVICE_FAMILY = "1,2";
			};
			name = Release;
		};
		36C0CF8E2B980CCC002D5C6F /* Debug */ = {
			isa = XCBuildConfiguration;
			buildSettings = {
				ALWAYS_EMBED_SWIFT_STANDARD_LIBRARIES = YES;
				BUNDLE_LOADER = "$(TEST_HOST)";
				CODE_SIGN_STYLE = Automatic;
				CURRENT_PROJECT_VERSION = 1;
				GENERATE_INFOPLIST_FILE = YES;
				IPHONEOS_DEPLOYMENT_TARGET = 17.2;
				MARKETING_VERSION = 1.0;
				PRODUCT_BUNDLE_IDENTIFIER = creacominc.ToDoTests;
				PRODUCT_NAME = "$(TARGET_NAME)";
				SWIFT_EMIT_LOC_STRINGS = NO;
				SWIFT_VERSION = 5.0;
				TARGETED_DEVICE_FAMILY = "1,2";
				TEST_HOST = "$(BUILT_PRODUCTS_DIR)/ToDo.app/$(BUNDLE_EXECUTABLE_FOLDER_PATH)/ToDo";
			};
			name = Debug;
		};
		36C0CF8F2B980CCC002D5C6F /* Release */ = {
			isa = XCBuildConfiguration;
			buildSettings = {
				ALWAYS_EMBED_SWIFT_STANDARD_LIBRARIES = YES;
				BUNDLE_LOADER = "$(TEST_HOST)";
				CODE_SIGN_STYLE = Automatic;
				CURRENT_PROJECT_VERSION = 1;
				GENERATE_INFOPLIST_FILE = YES;
				IPHONEOS_DEPLOYMENT_TARGET = 17.2;
				MARKETING_VERSION = 1.0;
				PRODUCT_BUNDLE_IDENTIFIER = creacominc.ToDoTests;
				PRODUCT_NAME = "$(TARGET_NAME)";
				SWIFT_EMIT_LOC_STRINGS = NO;
				SWIFT_VERSION = 5.0;
				TARGETED_DEVICE_FAMILY = "1,2";
				TEST_HOST = "$(BUILT_PRODUCTS_DIR)/ToDo.app/$(BUNDLE_EXECUTABLE_FOLDER_PATH)/ToDo";
			};
			name = Release;
		};
		36C0CF912B980CCC002D5C6F /* Debug */ = {
			isa = XCBuildConfiguration;
			buildSettings = {
				ALWAYS_EMBED_SWIFT_STANDARD_LIBRARIES = YES;
				CODE_SIGN_STYLE = Automatic;
				CURRENT_PROJECT_VERSION = 1;
				GENERATE_INFOPLIST_FILE = YES;
				MARKETING_VERSION = 1.0;
				PRODUCT_BUNDLE_IDENTIFIER = creacominc.ToDoUITests;
				PRODUCT_NAME = "$(TARGET_NAME)";
				SWIFT_EMIT_LOC_STRINGS = NO;
				SWIFT_VERSION = 5.0;
				TARGETED_DEVICE_FAMILY = "1,2";
				TEST_TARGET_NAME = ToDo;
			};
			name = Debug;
		};
		36C0CF922B980CCC002D5C6F /* Release */ = {
			isa = XCBuildConfiguration;
			buildSettings = {
				ALWAYS_EMBED_SWIFT_STANDARD_LIBRARIES = YES;
				CODE_SIGN_STYLE = Automatic;
				CURRENT_PROJECT_VERSION = 1;
				GENERATE_INFOPLIST_FILE = YES;
				MARKETING_VERSION = 1.0;
				PRODUCT_BUNDLE_IDENTIFIER = creacominc.ToDoUITests;
				PRODUCT_NAME = "$(TARGET_NAME)";
				SWIFT_EMIT_LOC_STRINGS = NO;
				SWIFT_VERSION = 5.0;
				TARGETED_DEVICE_FAMILY = "1,2";
				TEST_TARGET_NAME = ToDo;
			};
			name = Release;
		};
/* End XCBuildConfiguration section */

/* Begin XCConfigurationList section */
		36C0CF5B2B980CCA002D5C6F /* Build configuration list for PBXProject "ToDo" */ = {
			isa = XCConfigurationList;
			buildConfigurations = (
				36C0CF882B980CCC002D5C6F /* Debug */,
				36C0CF892B980CCC002D5C6F /* Release */,
			);
			defaultConfigurationIsVisible = 0;
			defaultConfigurationName = Release;
		};
		36C0CF8A2B980CCC002D5C6F /* Build configuration list for PBXNativeTarget "ToDo" */ = {
			isa = XCConfigurationList;
			buildConfigurations = (
				36C0CF8B2B980CCC002D5C6F /* Debug */,
				36C0CF8C2B980CCC002D5C6F /* Release */,
			);
			defaultConfigurationIsVisible = 0;
			defaultConfigurationName = Release;
		};
		36C0CF8D2B980CCC002D5C6F /* Build configuration list for PBXNativeTarget "ToDoTests" */ = {
			isa = XCConfigurationList;
			buildConfigurations = (
				36C0CF8E2B980CCC002D5C6F /* Debug */,
				36C0CF8F2B980CCC002D5C6F /* Release */,
			);
			defaultConfigurationIsVisible = 0;
			defaultConfigurationName = Release;
		};
		36C0CF902B980CCC002D5C6F /* Build configuration list for PBXNativeTarget "ToDoUITests" */ = {
			isa = XCConfigurationList;
			buildConfigurations = (
				36C0CF912B980CCC002D5C6F /* Debug */,
				36C0CF922B980CCC002D5C6F /* Release */,
			);
			defaultConfigurationIsVisible = 0;
			defaultConfigurationName = Release;
		};
/* End XCConfigurationList section */
	};
	rootObject = 36C0CF582B980CCA002D5C6F /* Project object */;
}
